# This file is automatically @generated by Cargo.
# It is not intended for manual editing.
version = 4

[[package]]
name = "slc-abi"
version = "0.1.0"

[[package]]
name = "slc-check"
version = "0.1.0"
dependencies = [
 "slc-core",
 "slc-syntax",
]

[[package]]
name = "slc-core"
version = "0.1.0"

[[package]]
name = "slc-driver"
version = "0.1.0"
dependencies = [
 "slc-check",
 "slc-core",
 "slc-fmt",
 "slc-runtime",
 "slc-syntax",
]

[[package]]
name = "slc-fmt"
version = "0.1.0"
dependencies = [
 "slc-syntax",
]

[[package]]
name = "slc-rt"
version = "0.1.0"
dependencies = [
 "slc-abi",
]

[[package]]
name = "slc-runtime"
version = "0.1.0"
dependencies = [
 "slc-core",
]

[[package]]
name = "slc-syntax"
version = "0.1.0"
dependencies = [
 "slc-core",
]
